
Microsoft Visual Studio Solution File, Format Version 12.00
Project("{FAE04EC0-301F-11D3-BF4B-00C04F79EFBC}") = "SemanticKernelChatBot", "SemanticKernelChatBot\SemanticKernelChatBot.csproj", "{F602D137-7A05-4E59-BD53-F705C8ABB731}"
EndProject
Project("{FAE04EC0-301F-11D3-BF4B-00C04F79EFBC}") = "SemanticKernelCopilot", "SemanticKernelCopilot\SemanticKernelCopilot.csproj", "{44BCBF13-FA56-4F56-8506-4483F8C33993}"
EndProject
Project("{FAE04EC0-301F-11D3-BF4B-00C04F79EFBC}") = "SemanticKernelAIAgent", "SemanticKernelAIAgent\SemanticKernelAIAgent.csproj", "{6C304363-E287-4B2A-91CB-236EF70279D1}"
EndProject
Project("{FAE04EC0-301F-11D3-BF4B-00C04F79EFBC}") = "SemanticKernelCopilotAPI", "SemanticKernelCopilotAPI\SemanticKernelCopilotAPI.csproj", "{516676C7-C148-4FC4-8834-6EBD0581C3A5}"
EndProject
Project("{FAE04EC0-301F-11D3-BF4B-00C04F79EFBC}") = "SemanticKernelCopilotAPIPlugin", "SemanticKernelCopilotAPIPlugin\SemanticKernelCopilotAPIPlugin.csproj", "{D9405F17-A4CA-41D1-B91C-330C3BDAD8D2}"
EndProject
Global
	GlobalSection(SolutionConfigurationPlatforms) = preSolution
		Debug|Any CPU = Debug|Any CPU
		Release|Any CPU = Release|Any CPU
	EndGlobalSection
	GlobalSection(ProjectConfigurationPlatforms) = postSolution
		{F602D137-7A05-4E59-BD53-F705C8ABB731}.Debug|Any CPU.ActiveCfg = Debug|Any CPU
		{F602D137-7A05-4E59-BD53-F705C8ABB731}.Debug|Any CPU.Build.0 = Debug|Any CPU
		{F602D137-7A05-4E59-BD53-F705C8ABB731}.Release|Any CPU.ActiveCfg = Release|Any CPU
		{F602D137-7A05-4E59-BD53-F705C8ABB731}.Release|Any CPU.Build.0 = Release|Any CPU
		{44BCBF13-FA56-4F56-8506-4483F8C33993}.Debug|Any CPU.ActiveCfg = Debug|Any CPU
		{44BCBF13-FA56-4F56-8506-4483F8C33993}.Debug|Any CPU.Build.0 = Debug|Any CPU
		{44BCBF13-FA56-4F56-8506-4483F8C33993}.Release|Any CPU.ActiveCfg = Release|Any CPU
		{44BCBF13-FA56-4F56-8506-4483F8C33993}.Release|Any CPU.Build.0 = Release|Any CPU
		{6C304363-E287-4B2A-91CB-236EF70279D1}.Debug|Any CPU.ActiveCfg = Debug|Any CPU
		{6C304363-E287-4B2A-91CB-236EF70279D1}.Debug|Any CPU.Build.0 = Debug|Any CPU
		{6C304363-E287-4B2A-91CB-236EF70279D1}.Release|Any CPU.ActiveCfg = Release|Any CPU
		{6C304363-E287-4B2A-91CB-236EF70279D1}.Release|Any CPU.Build.0 = Release|Any CPU
		{516676C7-C148-4FC4-8834-6EBD0581C3A5}.Debug|Any CPU.ActiveCfg = Debug|Any CPU
		{516676C7-C148-4FC4-8834-6EBD0581C3A5}.Debug|Any CPU.Build.0 = Debug|Any CPU
		{516676C7-C148-4FC4-8834-6EBD0581C3A5}.Release|Any CPU.ActiveCfg = Release|Any CPU
		{516676C7-C148-4FC4-8834-6EBD0581C3A5}.Release|Any CPU.Build.0 = Release|Any CPU
		{D9405F17-A4CA-41D1-B91C-330C3BDAD8D2}.Debug|Any CPU.ActiveCfg = Debug|Any CPU
		{D9405F17-A4CA-41D1-B91C-330C3BDAD8D2}.Debug|Any CPU.Build.0 = Debug|Any CPU
		{D9405F17-A4CA-41D1-B91C-330C3BDAD8D2}.Release|Any CPU.ActiveCfg = Release|Any CPU
		{D9405F17-A4CA-41D1-B91C-330C3BDAD8D2}.Release|Any CPU.Build.0 = Release|Any CPU
	EndGlobalSection
EndGlobal
